
Microsoft Visual Studio Solution File, Format Version 12.00
# Visual Studio Version 17
VisualStudioVersion = 17.10.34916.146
MinimumVisualStudioVersion = 10.0.40219.1
Project("{FAE04EC0-301F-11D3-BF4B-00C04F79EFBC}") = "CH1_FishTankProblem", "CH1_FishTankProblem.csproj", "{F33CE88C-B31E-42A1-A6BF-B4F1F7D72953}"
EndProject
Global
	GlobalSection(SolutionConfigurationPlatforms) = preSolution
		Debug|Any CPU = Debug|Any CPU
		Release|Any CPU = Release|Any CPU
	EndGlobalSection
	GlobalSection(ProjectConfigurationPlatforms) = postSolution
		{F33CE88C-B31E-42A1-A6BF-B4F1F7D72953}.Debug|Any CPU.ActiveCfg = Debug|Any CPU
		{F33CE88C-B31E-42A1-A6BF-B4F1F7D72953}.Debug|Any CPU.Build.0 = Debug|Any CPU
		{F33CE88C-B31E-42A1-A6BF-B4F1F7D72953}.Release|Any CPU.ActiveCfg = Release|Any CPU
		{F33CE88C-B31E-42A1-A6BF-B4F1F7D72953}.Release|Any CPU.Build.0 = Release|Any CPU
	EndGlobalSection
	GlobalSection(SolutionProperties) = preSolution
		HideSolutionNode = FALSE
	EndGlobalSection
	GlobalSection(ExtensibilityGlobals) = postSolution
		SolutionGuid = {1911C9EC-44BA-46D9-9BF0-78A03CBB0A82}
	EndGlobalSection
EndGlobal
